
Microsoft Visual Studio Solution File, Format Version 12.00
# Visual Studio Version 17
VisualStudioVersion = 17.1.32328.378
MinimumVisualStudioVersion = 10.0.40219.1
Project("{9A19103F-16F7-4668-BE54-9A1E7A4F7556}") = "RaiseHand.Server", "RaiseHand\Server\RaiseHand.Server.csproj", "{A54BEDFE-90F1-4260-ACED-5ECDEB136619}"
EndProject
Project("{9A19103F-16F7-4668-BE54-9A1E7A4F7556}") = "RaiseHand.Client", "RaiseHand\Client\RaiseHand.Client.csproj", "{DA9870E0-1337-4669-9135-FB70C85534EC}"
EndProject
Project("{9A19103F-16F7-4668-BE54-9A1E7A4F7556}") = "RaiseHand.Shared", "RaiseHand\Shared\RaiseHand.Shared.csproj", "{B8FA3306-0AB5-4FEB-A2B3-0A52424D9D77}"
EndProject
Global
	GlobalSection(SolutionConfigurationPlatforms) = preSolution
		Debug|Any CPU = Debug|Any CPU
		Release|Any CPU = Release|Any CPU
	EndGlobalSection
	GlobalSection(ProjectConfigurationPlatforms) = postSolution
		{A54BEDFE-90F1-4260-ACED-5ECDEB136619}.Debug|Any CPU.ActiveCfg = Debug|Any CPU
		{A54BEDFE-90F1-4260-ACED-5ECDEB136619}.Debug|Any CPU.Build.0 = Debug|Any CPU
		{A54BEDFE-90F1-4260-ACED-5ECDEB136619}.Release|Any CPU.ActiveCfg = Release|Any CPU
		{A54BEDFE-90F1-4260-ACED-5ECDEB136619}.Release|Any CPU.Build.0 = Release|Any CPU
		{DA9870E0-1337-4669-9135-FB70C85534EC}.Debug|Any CPU.ActiveCfg = Debug|Any CPU
		{DA9870E0-1337-4669-9135-FB70C85534EC}.Debug|Any CPU.Build.0 = Debug|Any CPU
		{DA9870E0-1337-4669-9135-FB70C85534EC}.Release|Any CPU.ActiveCfg = Release|Any CPU
		{DA9870E0-1337-4669-9135-FB70C85534EC}.Release|Any CPU.Build.0 = Release|Any CPU
		{B8FA3306-0AB5-4FEB-A2B3-0A52424D9D77}.Debug|Any CPU.ActiveCfg = Debug|Any CPU
		{B8FA3306-0AB5-4FEB-A2B3-0A52424D9D77}.Debug|Any CPU.Build.0 = Debug|Any CPU
		{B8FA3306-0AB5-4FEB-A2B3-0A52424D9D77}.Release|Any CPU.ActiveCfg = Release|Any CPU
		{B8FA3306-0AB5-4FEB-A2B3-0A52424D9D77}.Release|Any CPU.Build.0 = Release|Any CPU
	EndGlobalSection
	GlobalSection(SolutionProperties) = preSolution
		HideSolutionNode = FALSE
	EndGlobalSection
	GlobalSection(ExtensibilityGlobals) = postSolution
		SolutionGuid = {85D887D0-8139-408C-8CC9-C6B5211F6684}
	EndGlobalSection
EndGlobal
